// !$*UTF8*$!
{
	archiveVersion = 1;
	classes = {
	};
	objectVersion = 50;
	objects = {

/* Begin PBXBuildFile section */
		E274FD6D24E5662200926BFE /* ChariteTestApp.swift in Sources */ = {isa = PBXBuildFile; fileRef = E274FD6C24E5662200926BFE /* ChariteTestApp.swift */; };
		E274FD6F24E5662200926BFE /* ContentView.swift in Sources */ = {isa = PBXBuildFile; fileRef = E274FD6E24E5662200926BFE /* ContentView.swift */; };
		E274FD7124E5662300926BFE /* Assets.xcassets in Resources */ = {isa = PBXBuildFile; fileRef = E274FD7024E5662300926BFE /* Assets.xcassets */; };
		E274FD7424E5662300926BFE /* Preview Assets.xcassets in Resources */ = {isa = PBXBuildFile; fileRef = E274FD7324E5662300926BFE /* Preview Assets.xcassets */; };
		E274FD7F24E5662300926BFE /* ChariteTestTests.swift in Sources */ = {isa = PBXBuildFile; fileRef = E274FD7E24E5662300926BFE /* ChariteTestTests.swift */; };
		E274FD8A24E5662300926BFE /* ChariteTestUITests.swift in Sources */ = {isa = PBXBuildFile; fileRef = E274FD8924E5662300926BFE /* ChariteTestUITests.swift */; };
/* End PBXBuildFile section */

/* Begin PBXContainerItemProxy section */
		E274FD7B24E5662300926BFE /* PBXContainerItemProxy */ = {
			isa = PBXContainerItemProxy;
			containerPortal = E274FD6124E5662200926BFE /* Project object */;
			proxyType = 1;
			remoteGlobalIDString = E274FD6824E5662200926BFE;
			remoteInfo = ChariteTest;
		};
		E274FD8624E5662300926BFE /* PBXContainerItemProxy */ = {
			isa = PBXContainerItemProxy;
			containerPortal = E274FD6124E5662200926BFE /* Project object */;
			proxyType = 1;
			remoteGlobalIDString = E274FD6824E5662200926BFE;
			remoteInfo = ChariteTest;
		};
/* End PBXContainerItemProxy section */

/* Begin PBXFileReference section */
		E274FD6924E5662200926BFE /* ChariteTest.app */ = {isa = PBXFileReference; explicitFileType = wrapper.application; includeInIndex = 0; path = ChariteTest.app; sourceTree = BUILT_PRODUCTS_DIR; };
		E274FD6C24E5662200926BFE /* ChariteTestApp.swift */ = {isa = PBXFileReference; lastKnownFileType = sourcecode.swift; path = ChariteTestApp.swift; sourceTree = "<group>"; };
		E274FD6E24E5662200926BFE /* ContentView.swift */ = {isa = PBXFileReference; lastKnownFileType = sourcecode.swift; path = ContentView.swift; sourceTree = "<group>"; };
		E274FD7024E5662300926BFE /* Assets.xcassets */ = {isa = PBXFileReference; lastKnownFileType = folder.assetcatalog; path = Assets.xcassets; sourceTree = "<group>"; };
		E274FD7324E5662300926BFE /* Preview Assets.xcassets */ = {isa = PBXFileReference; lastKnownFileType = folder.assetcatalog; path = "Preview Assets.xcassets"; sourceTree = "<group>"; };
		E274FD7524E5662300926BFE /* Info.plist */ = {isa = PBXFileReference; lastKnownFileType = text.plist.xml; path = Info.plist; sourceTree = "<group>"; };
		E274FD7A24E5662300926BFE /* ChariteTestTests.xctest */ = {isa = PBXFileReference; explicitFileType = wrapper.cfbundle; includeInIndex = 0; path = ChariteTestTests.xctest; sourceTree = BUILT_PRODUCTS_DIR; };
		E274FD7E24E5662300926BFE /* ChariteTestTests.swift */ = {isa = PBXFileReference; lastKnownFileType = sourcecode.swift; path = ChariteTestTests.swift; sourceTree = "<group>"; };
		E274FD8024E5662300926BFE /* Info.plist */ = {isa = PBXFileReference; lastKnownFileType = text.plist.xml; path = Info.plist; sourceTree = "<group>"; };
		E274FD8524E5662300926BFE /* ChariteTestUITests.xctest */ = {isa = PBXFileReference; explicitFileType = wrapper.cfbundle; includeInIndex = 0; path = ChariteTestUITests.xctest; sourceTree = BUILT_PRODUCTS_DIR; };
		E274FD8924E5662300926BFE /* ChariteTestUITests.swift */ = {isa = PBXFileReference; lastKnownFileType = sourcecode.swift; path = ChariteTestUITests.swift; sourceTree = "<group>"; };
		E274FD8B24E5662300926BFE /* Info.plist */ = {isa = PBXFileReference; lastKnownFileType = text.plist.xml; path = Info.plist; sourceTree = "<group>"; };
/* End PBXFileReference section */

/* Begin PBXFrameworksBuildPhase section */
		E274FD6624E5662200926BFE /* Frameworks */ = {
			isa = PBXFrameworksBuildPhase;
			buildActionMask = 2147483647;
			files = (
			);
			runOnlyForDeploymentPostprocessing = 0;
		};
		E274FD7724E5662300926BFE /* Frameworks */ = {
			isa = PBXFrameworksBuildPhase;
			buildActionMask = 2147483647;
			files = (
			);
			runOnlyForDeploymentPostprocessing = 0;
		};
		E274FD8224E5662300926BFE /* Frameworks */ = {
			isa = PBXFrameworksBuildPhase;
			buildActionMask = 2147483647;
			files = (
			);
			runOnlyForDeploymentPostprocessing = 0;
		};
/* End PBXFrameworksBuildPhase section */

/* Begin PBXGroup section */
		E274FD6024E5662200926BFE = {
			isa = PBXGroup;
			children = (
				E274FD6B24E5662200926BFE /* ChariteTest */,
				E274FD7D24E5662300926BFE /* ChariteTestTests */,
				E274FD8824E5662300926BFE /* ChariteTestUITests */,
				E274FD6A24E5662200926BFE /* Products */,
			);
			sourceTree = "<group>";
		};
		E274FD6A24E5662200926BFE /* Products */ = {
			isa = PBXGroup;
			children = (
				E274FD6924E5662200926BFE /* ChariteTest.app */,
				E274FD7A24E5662300926BFE /* ChariteTestTests.xctest */,
				E274FD8524E5662300926BFE /* ChariteTestUITests.xctest */,
			);
			name = Products;
			sourceTree = "<group>";
		};
		E274FD6B24E5662200926BFE /* ChariteTest */ = {
			isa = PBXGroup;
			children = (
				E274FD6C24E5662200926BFE /* ChariteTestApp.swift */,
				E274FD6E24E5662200926BFE /* ContentView.swift */,
				E274FD7024E5662300926BFE /* Assets.xcassets */,
				E274FD7524E5662300926BFE /* Info.plist */,
				E274FD7224E5662300926BFE /* Preview Content */,
			);
			path = ChariteTest;
			sourceTree = "<group>";
		};
		E274FD7224E5662300926BFE /* Preview Content */ = {
			isa = PBXGroup;
			children = (
				E274FD7324E5662300926BFE /* Preview Assets.xcassets */,
			);
			path = "Preview Content";
			sourceTree = "<group>";
		};
		E274FD7D24E5662300926BFE /* ChariteTestTests */ = {
			isa = PBXGroup;
			children = (
				E274FD7E24E5662300926BFE /* ChariteTestTests.swift */,
				E274FD8024E5662300926BFE /* Info.plist */,
			);
			path = ChariteTestTests;
			sourceTree = "<group>";
		};
		E274FD8824E5662300926BFE /* ChariteTestUITests */ = {
			isa = PBXGroup;
			children = (
				E274FD8924E5662300926BFE /* ChariteTestUITests.swift */,
				E274FD8B24E5662300926BFE /* Info.plist */,
			);
			path = ChariteTestUITests;
			sourceTree = "<group>";
		};
/* End PBXGroup section */

/* Begin PBXNativeTarget section */
		E274FD6824E5662200926BFE /* ChariteTest */ = {
			isa = PBXNativeTarget;
			buildConfigurationList = E274FD8E24E5662300926BFE /* Build configuration list for PBXNativeTarget "ChariteTest" */;
			buildPhases = (
				E274FD6524E5662200926BFE /* Sources */,
				E274FD6624E5662200926BFE /* Frameworks */,
				E274FD6724E5662200926BFE /* Resources */,
			);
			buildRules = (
			);
			dependencies = (
			);
			name = ChariteTest;
			productName = ChariteTest;
			productReference = E274FD6924E5662200926BFE /* ChariteTest.app */;
			productType = "com.apple.product-type.application";
		};
		E274FD7924E5662300926BFE /* ChariteTestTests */ = {
			isa = PBXNativeTarget;
			buildConfigurationList = E274FD9124E5662300926BFE /* Build configuration list for PBXNativeTarget "ChariteTestTests" */;
			buildPhases = (
				E274FD7624E5662300926BFE /* Sources */,
				E274FD7724E5662300926BFE /* Frameworks */,
				E274FD7824E5662300926BFE /* Resources */,
			);
			buildRules = (
			);
			dependencies = (
				E274FD7C24E5662300926BFE /* PBXTargetDependency */,
			);
			name = ChariteTestTests;
			productName = ChariteTestTests;
			productReference = E274FD7A24E5662300926BFE /* ChariteTestTests.xctest */;
			productType = "com.apple.product-type.bundle.unit-test";
		};
		E274FD8424E5662300926BFE /* ChariteTestUITests */ = {
			isa = PBXNativeTarget;
			buildConfigurationList = E274FD9424E5662300926BFE /* Build configuration list for PBXNativeTarget "ChariteTestUITests" */;
			buildPhases = (
				E274FD8124E5662300926BFE /* Sources */,
				E274FD8224E5662300926BFE /* Frameworks */,
				E274FD8324E5662300926BFE /* Resources */,
			);
			buildRules = (
			);
			dependencies = (
				E274FD8724E5662300926BFE /* PBXTargetDependency */,
			);
			name = ChariteTestUITests;
			productName = ChariteTestUITests;
			productReference = E274FD8524E5662300926BFE /* ChariteTestUITests.xctest */;
			productType = "com.apple.product-type.bundle.ui-testing";
		};
/* End PBXNativeTarget section */

/* Begin PBXProject section */
		E274FD6124E5662200926BFE /* Project object */ = {
			isa = PBXProject;
			attributes = {
				LastSwiftUpdateCheck = 1200;
				LastUpgradeCheck = 1200;
				TargetAttributes = {
					E274FD6824E5662200926BFE = {
						CreatedOnToolsVersion = 12.0;
					};
					E274FD7924E5662300926BFE = {
						CreatedOnToolsVersion = 12.0;
						TestTargetID = E274FD6824E5662200926BFE;
					};
					E274FD8424E5662300926BFE = {
						CreatedOnToolsVersion = 12.0;
						TestTargetID = E274FD6824E5662200926BFE;
					};
				};
			};
			buildConfigurationList = E274FD6424E5662200926BFE /* Build configuration list for PBXProject "ChariteTest" */;
			compatibilityVersion = "Xcode 9.3";
			developmentRegion = en;
			hasScannedForEncodings = 0;
			knownRegions = (
				en,
				Base,
			);
			mainGroup = E274FD6024E5662200926BFE;
			productRefGroup = E274FD6A24E5662200926BFE /* Products */;
			projectDirPath = "";
			projectRoot = "";
			targets = (
				E274FD6824E5662200926BFE /* ChariteTest */,
				E274FD7924E5662300926BFE /* ChariteTestTests */,
				E274FD8424E5662300926BFE /* ChariteTestUITests */,
			);
		};
/* End PBXProject section */

/* Begin PBXResourcesBuildPhase section */
		E274FD6724E5662200926BFE /* Resources */ = {
			isa = PBXResourcesBuildPhase;
			buildActionMask = 2147483647;
			files = (
				E274FD7424E5662300926BFE /* Preview Assets.xcassets in Resources */,
				E274FD7124E5662300926BFE /* Assets.xcassets in Resources */,
			);
			runOnlyForDeploymentPostprocessing = 0;
		};
		E274FD7824E5662300926BFE /* Resources */ = {
			isa = PBXResourcesBuildPhase;
			buildActionMask = 2147483647;
			files = (
			);
			runOnlyForDeploymentPostprocessing = 0;
		};
		E274FD8324E5662300926BFE /* Resources */ = {
			isa = PBXResourcesBuildPhase;
			buildActionMask = 2147483647;
			files = (
			);
			runOnlyForDeploymentPostprocessing = 0;
		};
/* End PBXResourcesBuildPhase section */

/* Begin PBXSourcesBuildPhase section */
		E274FD6524E5662200926BFE /* Sources */ = {
			isa = PBXSourcesBuildPhase;
			buildActionMask = 2147483647;
			files = (
				E274FD6F24E5662200926BFE /* ContentView.swift in Sources */,
				E274FD6D24E5662200926BFE /* ChariteTestApp.swift in Sources */,
			);
			runOnlyForDeploymentPostprocessing = 0;
		};
		E274FD7624E5662300926BFE /* Sources */ = {
			isa = PBXSourcesBuildPhase;
			buildActionMask = 2147483647;
			files = (
				E274FD7F24E5662300926BFE /* ChariteTestTests.swift in Sources */,
			);
			runOnlyForDeploymentPostprocessing = 0;
		};
		E274FD8124E5662300926BFE /* Sources */ = {
			isa = PBXSourcesBuildPhase;
			buildActionMask = 2147483647;
			files = (
				E274FD8A24E5662300926BFE /* ChariteTestUITests.swift in Sources */,
			);
			runOnlyForDeploymentPostprocessing = 0;
		};
/* End PBXSourcesBuildPhase section */

/* Begin PBXTargetDependency section */
		E274FD7C24E5662300926BFE /* PBXTargetDependency */ = {
			isa = PBXTargetDependency;
			target = E274FD6824E5662200926BFE /* ChariteTest */;
			targetProxy = E274FD7B24E5662300926BFE /* PBXContainerItemProxy */;
		};
		E274FD8724E5662300926BFE /* PBXTargetDependency */ = {
			isa = PBXTargetDependency;
			target = E274FD6824E5662200926BFE /* ChariteTest */;
			targetProxy = E274FD8624E5662300926BFE /* PBXContainerItemProxy */;
		};
/* End PBXTargetDependency section */

/* Begin XCBuildConfiguration section */
		E274FD8C24E5662300926BFE /* Debug */ = {
			isa = XCBuildConfiguration;
			buildSettings = {
				ALWAYS_SEARCH_USER_PATHS = NO;
				CLANG_ANALYZER_NONNULL = YES;
				CLANG_ANALYZER_NUMBER_OBJECT_CONVERSION = YES_AGGRESSIVE;
				CLANG_CXX_LANGUAGE_STANDARD = "gnu++14";
				CLANG_CXX_LIBRARY = "libc++";
				CLANG_ENABLE_MODULES = YES;
				CLANG_ENABLE_OBJC_ARC = YES;
				CLANG_ENABLE_OBJC_WEAK = YES;
				CLANG_WARN_BLOCK_CAPTURE_AUTORELEASING = YES;
				CLANG_WARN_BOOL_CONVERSION = YES;
				CLANG_WARN_COMMA = YES;
				CLANG_WARN_CONSTANT_CONVERSION = YES;
				CLANG_WARN_DEPRECATED_OBJC_IMPLEMENTATIONS = YES;
				CLANG_WARN_DIRECT_OBJC_ISA_USAGE = YES_ERROR;
				CLANG_WARN_DOCUMENTATION_COMMENTS = YES;
				CLANG_WARN_EMPTY_BODY = YES;
				CLANG_WARN_ENUM_CONVERSION = YES;
				CLANG_WARN_INFINITE_RECURSION = YES;
				CLANG_WARN_INT_CONVERSION = YES;
				CLANG_WARN_NON_LITERAL_NULL_CONVERSION = YES;
				CLANG_WARN_OBJC_IMPLICIT_RETAIN_SELF = YES;
				CLANG_WARN_OBJC_LITERAL_CONVERSION = YES;
				CLANG_WARN_OBJC_ROOT_CLASS = YES_ERROR;
				CLANG_WARN_QUOTED_INCLUDE_IN_FRAMEWORK_HEADER = YES;
				CLANG_WARN_RANGE_LOOP_ANALYSIS = YES;
				CLANG_WARN_STRICT_PROTOTYPES = YES;
				CLANG_WARN_SUSPICIOUS_MOVE = YES;
				CLANG_WARN_UNGUARDED_AVAILABILITY = YES_AGGRESSIVE;
				CLANG_WARN_UNREACHABLE_CODE = YES;
				CLANG_WARN__DUPLICATE_METHOD_MATCH = YES;
				COPY_PHASE_STRIP = NO;
				DEBUG_INFORMATION_FORMAT = dwarf;
				ENABLE_STRICT_OBJC_MSGSEND = YES;
				ENABLE_TESTABILITY = YES;
				GCC_C_LANGUAGE_STANDARD = gnu11;
				GCC_DYNAMIC_NO_PIC = NO;
				GCC_NO_COMMON_BLOCKS = YES;
				GCC_OPTIMIZATION_LEVEL = 0;
				GCC_PREPROCESSOR_DEFINITIONS = (
					"DEBUG=1",
					"$(inherited)",
				);
				GCC_WARN_64_TO_32_BIT_CONVERSION = YES;
				GCC_WARN_ABOUT_RETURN_TYPE = YES_ERROR;
				GCC_WARN_UNDECLARED_SELECTOR = YES;
				GCC_WARN_UNINITIALIZED_AUTOS = YES_AGGRESSIVE;
				GCC_WARN_UNUSED_FUNCTION = YES;
				GCC_WARN_UNUSED_VARIABLE = YES;
				IPHONEOS_DEPLOYMENT_TARGET = 14.0;
				MTL_ENABLE_DEBUG_INFO = INCLUDE_SOURCE;
				MTL_FAST_MATH = YES;
				ONLY_ACTIVE_ARCH = YES;
				SDKROOT = iphoneos;
				SWIFT_ACTIVE_COMPILATION_CONDITIONS = DEBUG;
				SWIFT_OPTIMIZATION_LEVEL = "-Onone";
			};
			name = Debug;
		};
		E274FD8D24E5662300926BFE /* Release */ = {
			isa = XCBuildConfiguration;
			buildSettings = {
				ALWAYS_SEARCH_USER_PATHS = NO;
				CLANG_ANALYZER_NONNULL = YES;
				CLANG_ANALYZER_NUMBER_OBJECT_CONVERSION = YES_AGGRESSIVE;
				CLANG_CXX_LANGUAGE_STANDARD = "gnu++14";
				CLANG_CXX_LIBRARY = "libc++";
				CLANG_ENABLE_MODULES = YES;
				CLANG_ENABLE_OBJC_ARC = YES;
				CLANG_ENABLE_OBJC_WEAK = YES;
				CLANG_WARN_BLOCK_CAPTURE_AUTORELEASING = YES;
				CLANG_WARN_BOOL_CONVERSION = YES;
				CLANG_WARN_COMMA = YES;
				CLANG_WARN_CONSTANT_CONVERSION = YES;
				CLANG_WARN_DEPRECATED_OBJC_IMPLEMENTATIONS = YES;
				CLANG_WARN_DIRECT_OBJC_ISA_USAGE = YES_ERROR;
				CLANG_WARN_DOCUMENTATION_COMMENTS = YES;
				CLANG_WARN_EMPTY_BODY = YES;
				CLANG_WARN_ENUM_CONVERSION = YES;
				CLANG_WARN_INFINITE_RECURSION = YES;
				CLANG_WARN_INT_CONVERSION = YES;
				CLANG_WARN_NON_LITERAL_NULL_CONVERSION = YES;
				CLANG_WARN_OBJC_IMPLICIT_RETAIN_SELF = YES;
				CLANG_WARN_OBJC_LITERAL_CONVERSION = YES;
				CLANG_WARN_OBJC_ROOT_CLASS = YES_ERROR;
				CLANG_WARN_QUOTED_INCLUDE_IN_FRAMEWORK_HEADER = YES;
				CLANG_WARN_RANGE_LOOP_ANALYSIS = YES;
				CLANG_WARN_STRICT_PROTOTYPES = YES;
				CLANG_WARN_SUSPICIOUS_MOVE = YES;
				CLANG_WARN_UNGUARDED_AVAILABILITY = YES_AGGRESSIVE;
				CLANG_WARN_UNREACHABLE_CODE = YES;
				CLANG_WARN__DUPLICATE_METHOD_MATCH = YES;
				COPY_PHASE_STRIP = NO;
				DEBUG_INFORMATION_FORMAT = "dwarf-with-dsym";
				ENABLE_NS_ASSERTIONS = NO;
				ENABLE_STRICT_OBJC_MSGSEND = YES;
				GCC_C_LANGUAGE_STANDARD = gnu11;
				GCC_NO_COMMON_BLOCKS = YES;
				GCC_WARN_64_TO_32_BIT_CONVERSION = YES;
				GCC_WARN_ABOUT_RETURN_TYPE = YES_ERROR;
				GCC_WARN_UNDECLARED_SELECTOR = YES;
				GCC_WARN_UNINITIALIZED_AUTOS = YES_AGGRESSIVE;
				GCC_WARN_UNUSED_FUNCTION = YES;
				GCC_WARN_UNUSED_VARIABLE = YES;
				IPHONEOS_DEPLOYMENT_TARGET = 14.0;
				MTL_ENABLE_DEBUG_INFO = NO;
				MTL_FAST_MATH = YES;
				SDKROOT = iphoneos;
				SWIFT_COMPILATION_MODE = wholemodule;
				SWIFT_OPTIMIZATION_LEVEL = "-O";
				VALIDATE_PRODUCT = YES;
			};
			name = Release;
		};
		E274FD8F24E5662300926BFE /* Debug */ = {
			isa = XCBuildConfiguration;
			buildSettings = {
				ASSETCATALOG_COMPILER_APPICON_NAME = AppIcon;
				ASSETCATALOG_COMPILER_GLOBAL_ACCENT_COLOR_NAME = AccentColor;
				CODE_SIGN_STYLE = Automatic;
				DEVELOPMENT_ASSET_PATHS = "\"ChariteTest/Preview Content\"";
				DEVELOPMENT_TEAM = GB63D9G8WE;
				ENABLE_PREVIEWS = YES;
				INFOPLIST_FILE = ChariteTest/Info.plist;
				IPHONEOS_DEPLOYMENT_TARGET = 14.0;
				LD_RUNPATH_SEARCH_PATHS = (
					"$(inherited)",
					"@executable_path/Frameworks",
				);
				PRODUCT_BUNDLE_IDENTIFIER = charite.ChariteTest;
				PRODUCT_NAME = "$(TARGET_NAME)";
				SWIFT_VERSION = 5.0;
				TARGETED_DEVICE_FAMILY = "1,2";
			};
			name = Debug;
		};
		E274FD9024E5662300926BFE /* Release */ = {
			isa = XCBuildConfiguration;
			buildSettings = {
				ASSETCATALOG_COMPILER_APPICON_NAME = AppIcon;
				ASSETCATALOG_COMPILER_GLOBAL_ACCENT_COLOR_NAME = AccentColor;
				CODE_SIGN_STYLE = Automatic;
				DEVELOPMENT_ASSET_PATHS = "\"ChariteTest/Preview Content\"";
				DEVELOPMENT_TEAM = GB63D9G8WE;
				ENABLE_PREVIEWS = YES;
				INFOPLIST_FILE = ChariteTest/Info.plist;
				IPHONEOS_DEPLOYMENT_TARGET = 14.0;
				LD_RUNPATH_SEARCH_PATHS = (
					"$(inherited)",
					"@executable_path/Frameworks",
				);
				PRODUCT_BUNDLE_IDENTIFIER = charite.ChariteTest;
				PRODUCT_NAME = "$(TARGET_NAME)";
				SWIFT_VERSION = 5.0;
				TARGETED_DEVICE_FAMILY = "1,2";
			};
			name = Release;
		};
		E274FD9224E5662300926BFE /* Debug */ = {
			isa = XCBuildConfiguration;
			buildSettings = {
				ALWAYS_EMBED_SWIFT_STANDARD_LIBRARIES = YES;
				BUNDLE_LOADER = "$(TEST_HOST)";
				CODE_SIGN_STYLE = Automatic;
				DEVELOPMENT_TEAM = GB63D9G8WE;
				INFOPLIST_FILE = ChariteTestTests/Info.plist;
				IPHONEOS_DEPLOYMENT_TARGET = 14.0;
				LD_RUNPATH_SEARCH_PATHS = (
					"$(inherited)",
					"@executable_path/Frameworks",
					"@loader_path/Frameworks",
				);
				PRODUCT_BUNDLE_IDENTIFIER = charite.ChariteTestTests;
				PRODUCT_NAME = "$(TARGET_NAME)";
				SWIFT_VERSION = 5.0;
				TARGETED_DEVICE_FAMILY = "1,2";
				TEST_HOST = "$(BUILT_PRODUCTS_DIR)/ChariteTest.app/ChariteTest";
			};
			name = Debug;
		};
		E274FD9324E5662300926BFE /* Release */ = {
			isa = XCBuildConfiguration;
			buildSettings = {
				ALWAYS_EMBED_SWIFT_STANDARD_LIBRARIES = YES;
				BUNDLE_LOADER = "$(TEST_HOST)";
				CODE_SIGN_STYLE = Automatic;
				DEVELOPMENT_TEAM = GB63D9G8WE;
				INFOPLIST_FILE = ChariteTestTests/Info.plist;
				IPHONEOS_DEPLOYMENT_TARGET = 14.0;
				LD_RUNPATH_SEARCH_PATHS = (
					"$(inherited)",
					"@executable_path/Frameworks",
					"@loader_path/Frameworks",
				);
				PRODUCT_BUNDLE_IDENTIFIER = charite.ChariteTestTests;
				PRODUCT_NAME = "$(TARGET_NAME)";
				SWIFT_VERSION = 5.0;
				TARGETED_DEVICE_FAMILY = "1,2";
				TEST_HOST = "$(BUILT_PRODUCTS_DIR)/ChariteTest.app/ChariteTest";
			};
			name = Release;
		};
		E274FD9524E5662300926BFE /* Debug */ = {
			isa = XCBuildConfiguration;
			buildSettings = {
				ALWAYS_EMBED_SWIFT_STANDARD_LIBRARIES = YES;
				CODE_SIGN_STYLE = Automatic;
				DEVELOPMENT_TEAM = GB63D9G8WE;
				INFOPLIST_FILE = ChariteTestUITests/Info.plist;
				LD_RUNPATH_SEARCH_PATHS = (
					"$(inherited)",
					"@executable_path/Frameworks",
					"@loader_path/Frameworks",
				);
				PRODUCT_BUNDLE_IDENTIFIER = charite.ChariteTestUITests;
				PRODUCT_NAME = "$(TARGET_NAME)";
				SWIFT_VERSION = 5.0;
				TARGETED_DEVICE_FAMILY = "1,2";
				TEST_TARGET_NAME = ChariteTest;
			};
			name = Debug;
		};
		E274FD9624E5662300926BFE /* Release */ = {
			isa = XCBuildConfiguration;
			buildSettings = {
				ALWAYS_EMBED_SWIFT_STANDARD_LIBRARIES = YES;
				CODE_SIGN_STYLE = Automatic;
				DEVELOPMENT_TEAM = GB63D9G8WE;
				INFOPLIST_FILE = ChariteTestUITests/Info.plist;
				LD_RUNPATH_SEARCH_PATHS = (
					"$(inherited)",
					"@executable_path/Frameworks",
					"@loader_path/Frameworks",
				);
				PRODUCT_BUNDLE_IDENTIFIER = charite.ChariteTestUITests;
				PRODUCT_NAME = "$(TARGET_NAME)";
				SWIFT_VERSION = 5.0;
				TARGETED_DEVICE_FAMILY = "1,2";
				TEST_TARGET_NAME = ChariteTest;
			};
			name = Release;
		};
/* End XCBuildConfiguration section */

/* Begin XCConfigurationList section */
		E274FD6424E5662200926BFE /* Build configuration list for PBXProject "ChariteTest" */ = {
			isa = XCConfigurationList;
			buildConfigurations = (
				E274FD8C24E5662300926BFE /* Debug */,
				E274FD8D24E5662300926BFE /* Release */,
			);
			defaultConfigurationIsVisible = 0;
			defaultConfigurationName = Release;
		};
		E274FD8E24E5662300926BFE /* Build configuration list for PBXNativeTarget "ChariteTest" */ = {
			isa = XCConfigurationList;
			buildConfigurations = (
				E274FD8F24E5662300926BFE /* Debug */,
				E274FD9024E5662300926BFE /* Release */,
			);
			defaultConfigurationIsVisible = 0;
			defaultConfigurationName = Release;
		};
		E274FD9124E5662300926BFE /* Build configuration list for PBXNativeTarget "ChariteTestTests" */ = {
			isa = XCConfigurationList;
			buildConfigurations = (
				E274FD9224E5662300926BFE /* Debug */,
				E274FD9324E5662300926BFE /* Release */,
			);
			defaultConfigurationIsVisible = 0;
			defaultConfigurationName = Release;
		};
		E274FD9424E5662300926BFE /* Build configuration list for PBXNativeTarget "ChariteTestUITests" */ = {
			isa = XCConfigurationList;
			buildConfigurations = (
				E274FD9524E5662300926BFE /* Debug */,
				E274FD9624E5662300926BFE /* Release */,
			);
			defaultConfigurationIsVisible = 0;
			defaultConfigurationName = Release;
		};
/* End XCConfigurationList section */
	};
	rootObject = E274FD6124E5662200926BFE /* Project object */;
}
